// !$*UTF8*$!
{
	archiveVersion = 1;
	classes = {
	};
	objectVersion = 56;
	objects = {

/* Begin PBXBuildFile section */
		4336324F299E3DD600173329 /* Device.swift in Sources */ = {isa = PBXBuildFile; fileRef = 4336324E299E3DD600173329 /* Device.swift */; };
		43363252299E3EEE00173329 /* Light.swift in Sources */ = {isa = PBXBuildFile; fileRef = 43363251299E3EEE00173329 /* Light.swift */; };
		43363254299E405200173329 /* RollerShutter.swift in Sources */ = {isa = PBXBuildFile; fileRef = 43363253299E405200173329 /* RollerShutter.swift */; };
		43363256299E418300173329 /* Heater.swift in Sources */ = {isa = PBXBuildFile; fileRef = 43363255299E418300173329 /* Heater.swift */; };
		43363259299E462000173329 /* UIView+AutoLayout.swift in Sources */ = {isa = PBXBuildFile; fileRef = 43363258299E462000173329 /* UIView+AutoLayout.swift */; };
		4336325D299E771400173329 /* HomeViewController.swift in Sources */ = {isa = PBXBuildFile; fileRef = 4336325C299E771400173329 /* HomeViewController.swift */; };
		43363262299E79CB00173329 /* HomeViewModel.swift in Sources */ = {isa = PBXBuildFile; fileRef = 43363261299E79CB00173329 /* HomeViewModel.swift */; };
		43363264299E805B00173329 /* Coordinator.swift in Sources */ = {isa = PBXBuildFile; fileRef = 43363263299E805B00173329 /* Coordinator.swift */; };
		43363266299E806D00173329 /* NavigationRouter.swift in Sources */ = {isa = PBXBuildFile; fileRef = 43363265299E806D00173329 /* NavigationRouter.swift */; };
		43363269299E808C00173329 /* Presentable.swift in Sources */ = {isa = PBXBuildFile; fileRef = 43363268299E808C00173329 /* Presentable.swift */; };
		4336326B299E809D00173329 /* AppCoordinator.swift in Sources */ = {isa = PBXBuildFile; fileRef = 4336326A299E809D00173329 /* AppCoordinator.swift */; };
		4336326E299E80D600173329 /* WindowRouter.swift in Sources */ = {isa = PBXBuildFile; fileRef = 4336326D299E80D600173329 /* WindowRouter.swift */; };
		43363270299E80E300173329 /* AppWindowRouter.swift in Sources */ = {isa = PBXBuildFile; fileRef = 4336326F299E80E300173329 /* AppWindowRouter.swift */; };
		43363272299E810500173329 /* NavigationControllerRouter.swift in Sources */ = {isa = PBXBuildFile; fileRef = 43363271299E810500173329 /* NavigationControllerRouter.swift */; };
		43363274299E813E00173329 /* HomeCoordinator.swift in Sources */ = {isa = PBXBuildFile; fileRef = 43363273299E813E00173329 /* HomeCoordinator.swift */; };
		43363276299E8B2C00173329 /* DeviceListData.swift in Sources */ = {isa = PBXBuildFile; fileRef = 43363275299E8B2C00173329 /* DeviceListData.swift */; };
		43363278299E92C200173329 /* DeviceService.swift in Sources */ = {isa = PBXBuildFile; fileRef = 43363277299E92C200173329 /* DeviceService.swift */; };
		43508E9E29A0DDA000B8D8D9 /* ControlLightViewController.swift in Sources */ = {isa = PBXBuildFile; fileRef = 43508E9D29A0DDA000B8D8D9 /* ControlLightViewController.swift */; };
		43508EA329A0DF3F00B8D8D9 /* ControlViewModel.swift in Sources */ = {isa = PBXBuildFile; fileRef = 43508EA229A0DF3F00B8D8D9 /* ControlViewModel.swift */; };
		43508EA529A1032200B8D8D9 /* UImage+Resize.swift in Sources */ = {isa = PBXBuildFile; fileRef = 43508EA429A1032200B8D8D9 /* UImage+Resize.swift */; };
		43508EA929A1324700B8D8D9 /* ControlRollerShutterViewController.swift in Sources */ = {isa = PBXBuildFile; fileRef = 43508EA829A1324700B8D8D9 /* ControlRollerShutterViewController.swift */; };
		43508EB429A13C7000B8D8D9 /* ControlHeaterViewController.swift in Sources */ = {isa = PBXBuildFile; fileRef = 43508EB329A13C7000B8D8D9 /* ControlHeaterViewController.swift */; };
		43508EB729A184BF00B8D8D9 /* ControlHeaterViewModel.swift in Sources */ = {isa = PBXBuildFile; fileRef = 43508EB629A184BF00B8D8D9 /* ControlHeaterViewModel.swift */; };
		43508EBA29A1872E00B8D8D9 /* ControlLightViewModel.swift in Sources */ = {isa = PBXBuildFile; fileRef = 43508EB929A1872E00B8D8D9 /* ControlLightViewModel.swift */; };
		43508EBD29A1892200B8D8D9 /* ControlRollerShutterViewModel.swift in Sources */ = {isa = PBXBuildFile; fileRef = 43508EBC29A1892200B8D8D9 /* ControlRollerShutterViewModel.swift */; };
		43EA19F2299B5F2A0062E0AF /* AppDelegate.swift in Sources */ = {isa = PBXBuildFile; fileRef = 43EA19F1299B5F2A0062E0AF /* AppDelegate.swift */; };
		43EA19F4299B5F2A0062E0AF /* SceneDelegate.swift in Sources */ = {isa = PBXBuildFile; fileRef = 43EA19F3299B5F2A0062E0AF /* SceneDelegate.swift */; };
		43EA19FB299B5F2A0062E0AF /* Assets.xcassets in Resources */ = {isa = PBXBuildFile; fileRef = 43EA19FA299B5F2A0062E0AF /* Assets.xcassets */; };
		43EA19FE299B5F2A0062E0AF /* LaunchScreen.storyboard in Resources */ = {isa = PBXBuildFile; fileRef = 43EA19FC299B5F2A0062E0AF /* LaunchScreen.storyboard */; };
		43EA1A09299B5F2A0062E0AF /* MVVMTechnicalTestTests.swift in Sources */ = {isa = PBXBuildFile; fileRef = 43EA1A08299B5F2A0062E0AF /* MVVMTechnicalTestTests.swift */; };
		43EA1A13299B5F2A0062E0AF /* MVVMTechnicalTestUITests.swift in Sources */ = {isa = PBXBuildFile; fileRef = 43EA1A12299B5F2A0062E0AF /* MVVMTechnicalTestUITests.swift */; };
		43EA1A15299B5F2A0062E0AF /* MVVMTechnicalTestUITestsLaunchTests.swift in Sources */ = {isa = PBXBuildFile; fileRef = 43EA1A14299B5F2A0062E0AF /* MVVMTechnicalTestUITestsLaunchTests.swift */; };
		43EA1A26299B65730062E0AF /* swiftgen.yml in Resources */ = {isa = PBXBuildFile; fileRef = 43EA1A25299B65730062E0AF /* swiftgen.yml */; };
		43EA1A2B299B65AD0062E0AF /* Localizable.strings in Resources */ = {isa = PBXBuildFile; fileRef = 43EA1A2D299B65AD0062E0AF /* Localizable.strings */; };
		43EA1A31299B68F40062E0AF /* XCAssets+Generated.swift in Sources */ = {isa = PBXBuildFile; fileRef = 43EA1A2F299B68F40062E0AF /* XCAssets+Generated.swift */; };
		43EA1A32299B68F40062E0AF /* Strings+Generated.swift in Sources */ = {isa = PBXBuildFile; fileRef = 43EA1A30299B68F40062E0AF /* Strings+Generated.swift */; };
		43EA1A35299B6ADD0062E0AF /* Endpoints.swift in Sources */ = {isa = PBXBuildFile; fileRef = 43EA1A34299B6ADD0062E0AF /* Endpoints.swift */; };
		43EA1A37299B6B360062E0AF /* Reachability.swift in Sources */ = {isa = PBXBuildFile; fileRef = 43EA1A36299B6B360062E0AF /* Reachability.swift */; };
		43EA1A39299B6B570062E0AF /* URLSession+Service.swift in Sources */ = {isa = PBXBuildFile; fileRef = 43EA1A38299B6B570062E0AF /* URLSession+Service.swift */; };
/* End PBXBuildFile section */

/* Begin PBXContainerItemProxy section */
		43EA1A05299B5F2A0062E0AF /* PBXContainerItemProxy */ = {
			isa = PBXContainerItemProxy;
			containerPortal = 43EA19E6299B5F2A0062E0AF /* Project object */;
			proxyType = 1;
			remoteGlobalIDString = 43EA19ED299B5F2A0062E0AF;
			remoteInfo = MVVMTechnicalTest;
		};
		43EA1A0F299B5F2A0062E0AF /* PBXContainerItemProxy */ = {
			isa = PBXContainerItemProxy;
			containerPortal = 43EA19E6299B5F2A0062E0AF /* Project object */;
			proxyType = 1;
			remoteGlobalIDString = 43EA19ED299B5F2A0062E0AF;
			remoteInfo = MVVMTechnicalTest;
		};
/* End PBXContainerItemProxy section */

/* Begin PBXFileReference section */
		4336324E299E3DD600173329 /* Device.swift */ = {isa = PBXFileReference; lastKnownFileType = sourcecode.swift; path = Device.swift; sourceTree = "<group>"; };
		43363251299E3EEE00173329 /* Light.swift */ = {isa = PBXFileReference; lastKnownFileType = sourcecode.swift; path = Light.swift; sourceTree = "<group>"; };
		43363253299E405200173329 /* RollerShutter.swift */ = {isa = PBXFileReference; lastKnownFileType = sourcecode.swift; path = RollerShutter.swift; sourceTree = "<group>"; };
		43363255299E418300173329 /* Heater.swift */ = {isa = PBXFileReference; lastKnownFileType = sourcecode.swift; path = Heater.swift; sourceTree = "<group>"; };
		43363258299E462000173329 /* UIView+AutoLayout.swift */ = {isa = PBXFileReference; lastKnownFileType = sourcecode.swift; path = "UIView+AutoLayout.swift"; sourceTree = "<group>"; };
		4336325C299E771400173329 /* HomeViewController.swift */ = {isa = PBXFileReference; lastKnownFileType = sourcecode.swift; path = HomeViewController.swift; sourceTree = "<group>"; };
		43363261299E79CB00173329 /* HomeViewModel.swift */ = {isa = PBXFileReference; lastKnownFileType = sourcecode.swift; path = HomeViewModel.swift; sourceTree = "<group>"; };
		43363263299E805B00173329 /* Coordinator.swift */ = {isa = PBXFileReference; lastKnownFileType = sourcecode.swift; path = Coordinator.swift; sourceTree = "<group>"; };
		43363265299E806D00173329 /* NavigationRouter.swift */ = {isa = PBXFileReference; lastKnownFileType = sourcecode.swift; path = NavigationRouter.swift; sourceTree = "<group>"; };
		43363268299E808C00173329 /* Presentable.swift */ = {isa = PBXFileReference; lastKnownFileType = sourcecode.swift; path = Presentable.swift; sourceTree = "<group>"; };
		4336326A299E809D00173329 /* AppCoordinator.swift */ = {isa = PBXFileReference; lastKnownFileType = sourcecode.swift; path = AppCoordinator.swift; sourceTree = "<group>"; };
		4336326D299E80D600173329 /* WindowRouter.swift */ = {isa = PBXFileReference; lastKnownFileType = sourcecode.swift; path = WindowRouter.swift; sourceTree = "<group>"; };
		4336326F299E80E300173329 /* AppWindowRouter.swift */ = {isa = PBXFileReference; lastKnownFileType = sourcecode.swift; path = AppWindowRouter.swift; sourceTree = "<group>"; };
		43363271299E810500173329 /* NavigationControllerRouter.swift */ = {isa = PBXFileReference; lastKnownFileType = sourcecode.swift; path = NavigationControllerRouter.swift; sourceTree = "<group>"; };
		43363273299E813E00173329 /* HomeCoordinator.swift */ = {isa = PBXFileReference; lastKnownFileType = sourcecode.swift; path = HomeCoordinator.swift; sourceTree = "<group>"; };
		43363275299E8B2C00173329 /* DeviceListData.swift */ = {isa = PBXFileReference; lastKnownFileType = sourcecode.swift; path = DeviceListData.swift; sourceTree = "<group>"; };
		43363277299E92C200173329 /* DeviceService.swift */ = {isa = PBXFileReference; lastKnownFileType = sourcecode.swift; path = DeviceService.swift; sourceTree = "<group>"; };
		43508E9D29A0DDA000B8D8D9 /* ControlLightViewController.swift */ = {isa = PBXFileReference; lastKnownFileType = sourcecode.swift; path = ControlLightViewController.swift; sourceTree = "<group>"; };
		43508EA229A0DF3F00B8D8D9 /* ControlViewModel.swift */ = {isa = PBXFileReference; lastKnownFileType = sourcecode.swift; path = ControlViewModel.swift; sourceTree = "<group>"; };
		43508EA429A1032200B8D8D9 /* UImage+Resize.swift */ = {isa = PBXFileReference; lastKnownFileType = sourcecode.swift; path = "UImage+Resize.swift"; sourceTree = "<group>"; };
		43508EA829A1324700B8D8D9 /* ControlRollerShutterViewController.swift */ = {isa = PBXFileReference; lastKnownFileType = sourcecode.swift; path = ControlRollerShutterViewController.swift; sourceTree = "<group>"; };
		43508EB329A13C7000B8D8D9 /* ControlHeaterViewController.swift */ = {isa = PBXFileReference; lastKnownFileType = sourcecode.swift; path = ControlHeaterViewController.swift; sourceTree = "<group>"; };
		43508EB629A184BF00B8D8D9 /* ControlHeaterViewModel.swift */ = {isa = PBXFileReference; lastKnownFileType = sourcecode.swift; path = ControlHeaterViewModel.swift; sourceTree = "<group>"; };
		43508EB929A1872E00B8D8D9 /* ControlLightViewModel.swift */ = {isa = PBXFileReference; lastKnownFileType = sourcecode.swift; path = ControlLightViewModel.swift; sourceTree = "<group>"; };
		43508EBC29A1892200B8D8D9 /* ControlRollerShutterViewModel.swift */ = {isa = PBXFileReference; lastKnownFileType = sourcecode.swift; path = ControlRollerShutterViewModel.swift; sourceTree = "<group>"; };
		43EA19EE299B5F2A0062E0AF /* MVVMTechnicalTest.app */ = {isa = PBXFileReference; explicitFileType = wrapper.application; includeInIndex = 0; path = MVVMTechnicalTest.app; sourceTree = BUILT_PRODUCTS_DIR; };
		43EA19F1299B5F2A0062E0AF /* AppDelegate.swift */ = {isa = PBXFileReference; lastKnownFileType = sourcecode.swift; path = AppDelegate.swift; sourceTree = "<group>"; };
		43EA19F3299B5F2A0062E0AF /* SceneDelegate.swift */ = {isa = PBXFileReference; lastKnownFileType = sourcecode.swift; path = SceneDelegate.swift; sourceTree = "<group>"; };
		43EA19FA299B5F2A0062E0AF /* Assets.xcassets */ = {isa = PBXFileReference; lastKnownFileType = folder.assetcatalog; path = Assets.xcassets; sourceTree = "<group>"; };
		43EA19FD299B5F2A0062E0AF /* Base */ = {isa = PBXFileReference; lastKnownFileType = file.storyboard; name = Base; path = Base.lproj/LaunchScreen.storyboard; sourceTree = "<group>"; };
		43EA19FF299B5F2A0062E0AF /* Info.plist */ = {isa = PBXFileReference; lastKnownFileType = text.plist.xml; path = Info.plist; sourceTree = "<group>"; };
		43EA1A04299B5F2A0062E0AF /* MVVMTechnicalTestTests.xctest */ = {isa = PBXFileReference; explicitFileType = wrapper.cfbundle; includeInIndex = 0; path = MVVMTechnicalTestTests.xctest; sourceTree = BUILT_PRODUCTS_DIR; };
		43EA1A08299B5F2A0062E0AF /* MVVMTechnicalTestTests.swift */ = {isa = PBXFileReference; lastKnownFileType = sourcecode.swift; path = MVVMTechnicalTestTests.swift; sourceTree = "<group>"; };
		43EA1A0E299B5F2A0062E0AF /* MVVMTechnicalTestUITests.xctest */ = {isa = PBXFileReference; explicitFileType = wrapper.cfbundle; includeInIndex = 0; path = MVVMTechnicalTestUITests.xctest; sourceTree = BUILT_PRODUCTS_DIR; };
		43EA1A12299B5F2A0062E0AF /* MVVMTechnicalTestUITests.swift */ = {isa = PBXFileReference; lastKnownFileType = sourcecode.swift; path = MVVMTechnicalTestUITests.swift; sourceTree = "<group>"; };
		43EA1A14299B5F2A0062E0AF /* MVVMTechnicalTestUITestsLaunchTests.swift */ = {isa = PBXFileReference; lastKnownFileType = sourcecode.swift; path = MVVMTechnicalTestUITestsLaunchTests.swift; sourceTree = "<group>"; };
		43EA1A25299B65730062E0AF /* swiftgen.yml */ = {isa = PBXFileReference; fileEncoding = 4; lastKnownFileType = text.yaml; path = swiftgen.yml; sourceTree = "<group>"; };
		43EA1A2C299B65AD0062E0AF /* en */ = {isa = PBXFileReference; lastKnownFileType = text.plist.strings; name = en; path = en.lproj/Localizable.strings; sourceTree = "<group>"; };
		43EA1A2E299B67AC0062E0AF /* fr */ = {isa = PBXFileReference; lastKnownFileType = text.plist.strings; name = fr; path = fr.lproj/Localizable.strings; sourceTree = "<group>"; };
		43EA1A2F299B68F40062E0AF /* XCAssets+Generated.swift */ = {isa = PBXFileReference; fileEncoding = 4; lastKnownFileType = sourcecode.swift; path = "XCAssets+Generated.swift"; sourceTree = "<group>"; };
		43EA1A30299B68F40062E0AF /* Strings+Generated.swift */ = {isa = PBXFileReference; fileEncoding = 4; lastKnownFileType = sourcecode.swift; path = "Strings+Generated.swift"; sourceTree = "<group>"; };
		43EA1A34299B6ADD0062E0AF /* Endpoints.swift */ = {isa = PBXFileReference; lastKnownFileType = sourcecode.swift; path = Endpoints.swift; sourceTree = "<group>"; };
		43EA1A36299B6B360062E0AF /* Reachability.swift */ = {isa = PBXFileReference; lastKnownFileType = sourcecode.swift; path = Reachability.swift; sourceTree = "<group>"; };
		43EA1A38299B6B570062E0AF /* URLSession+Service.swift */ = {isa = PBXFileReference; lastKnownFileType = sourcecode.swift; path = "URLSession+Service.swift"; sourceTree = "<group>"; };
/* End PBXFileReference section */

/* Begin PBXFrameworksBuildPhase section */
		43EA19EB299B5F2A0062E0AF /* Frameworks */ = {
			isa = PBXFrameworksBuildPhase;
			buildActionMask = 2147483647;
			files = (
			);
			runOnlyForDeploymentPostprocessing = 0;
		};
		43EA1A01299B5F2A0062E0AF /* Frameworks */ = {
			isa = PBXFrameworksBuildPhase;
			buildActionMask = 2147483647;
			files = (
			);
			runOnlyForDeploymentPostprocessing = 0;
		};
		43EA1A0B299B5F2A0062E0AF /* Frameworks */ = {
			isa = PBXFrameworksBuildPhase;
			buildActionMask = 2147483647;
			files = (
			);
			runOnlyForDeploymentPostprocessing = 0;
		};
/* End PBXFrameworksBuildPhase section */

/* Begin PBXGroup section */
		43363249299E3D9100173329 /* Models */ = {
			isa = PBXGroup;
			children = (
				43363275299E8B2C00173329 /* DeviceListData.swift */,
			);
			path = Models;
			sourceTree = "<group>";
		};
		4336324A299E3D9C00173329 /* Home */ = {
			isa = PBXGroup;
			children = (
				4336325C299E771400173329 /* HomeViewController.swift */,
				43363273299E813E00173329 /* HomeCoordinator.swift */,
				4336324B299E3DAB00173329 /* ViewModels */,
				43363249299E3D9100173329 /* Models */,
			);
			path = Home;
			sourceTree = "<group>";
		};
		4336324B299E3DAB00173329 /* ViewModels */ = {
			isa = PBXGroup;
			children = (
				43363261299E79CB00173329 /* HomeViewModel.swift */,
			);
			path = ViewModels;
			sourceTree = "<group>";
		};
		4336324D299E3DC100173329 /* Models */ = {
			isa = PBXGroup;
			children = (
				4336324E299E3DD600173329 /* Device.swift */,
				43363250299E3E7700173329 /* Devices */,
			);
			path = Models;
			sourceTree = "<group>";
		};
		43363250299E3E7700173329 /* Devices */ = {
			isa = PBXGroup;
			children = (
				43363251299E3EEE00173329 /* Light.swift */,
				43363253299E405200173329 /* RollerShutter.swift */,
				43363255299E418300173329 /* Heater.swift */,
			);
			path = Devices;
			sourceTree = "<group>";
		};
		43363257299E461300173329 /* Extensions */ = {
			isa = PBXGroup;
			children = (
				43363258299E462000173329 /* UIView+AutoLayout.swift */,
				43508EA429A1032200B8D8D9 /* UImage+Resize.swift */,
			);
			path = Extensions;
			sourceTree = "<group>";
		};
		4336325A299E743300173329 /* Shared */ = {
			isa = PBXGroup;
			children = (
				4336325E299E781100173329 /* Navigation */,
				43363257299E461300173329 /* Extensions */,
				4336324D299E3DC100173329 /* Models */,
				43EA1A3A299B6BDA0062E0AF /* Services */,
				43EA1A33299B6AD40062E0AF /* Networking */,
			);
			path = Shared;
			sourceTree = "<group>";
		};
		4336325B299E74B600173329 /* App */ = {
			isa = PBXGroup;
			children = (
				4336324A299E3D9C00173329 /* Home */,
				43508E9C29A0DC7F00B8D8D9 /* Controls */,
			);
			path = App;
			sourceTree = "<group>";
		};
		4336325E299E781100173329 /* Navigation */ = {
			isa = PBXGroup;
			children = (
				43363267299E808600173329 /* UIKit */,
				43363263299E805B00173329 /* Coordinator.swift */,
				43363265299E806D00173329 /* NavigationRouter.swift */,
			);
			path = Navigation;
			sourceTree = "<group>";
		};
		43363267299E808600173329 /* UIKit */ = {
			isa = PBXGroup;
			children = (
				4336326C299E80C300173329 /* Router */,
				43363268299E808C00173329 /* Presentable.swift */,
				4336326A299E809D00173329 /* AppCoordinator.swift */,
			);
			path = UIKit;
			sourceTree = "<group>";
		};
		4336326C299E80C300173329 /* Router */ = {
			isa = PBXGroup;
			children = (
				4336326D299E80D600173329 /* WindowRouter.swift */,
				4336326F299E80E300173329 /* AppWindowRouter.swift */,
				43363271299E810500173329 /* NavigationControllerRouter.swift */,
			);
			path = Router;
			sourceTree = "<group>";
		};
		43508E9C29A0DC7F00B8D8D9 /* Controls */ = {
			isa = PBXGroup;
			children = (
				43508EB229A13C5900B8D8D9 /* RollerShutter */,
				43508EB129A13C5400B8D8D9 /* Heater */,
				43508EB029A13C3100B8D8D9 /* Light */,
				43508EA629A1322D00B8D8D9 /* Shared */,
			);
			path = Controls;
			sourceTree = "<group>";
		};
		43508E9F29A0DDA200B8D8D9 /* ViewModels */ = {
			isa = PBXGroup;
			children = (
				43508EA229A0DF3F00B8D8D9 /* ControlViewModel.swift */,
			);
			path = ViewModels;
			sourceTree = "<group>";
		};
		43508EA629A1322D00B8D8D9 /* Shared */ = {
			isa = PBXGroup;
			children = (
				43508E9F29A0DDA200B8D8D9 /* ViewModels */,
			);
			path = Shared;
			sourceTree = "<group>";
		};
		43508EB029A13C3100B8D8D9 /* Light */ = {
			isa = PBXGroup;
			children = (
				43508EB829A1871700B8D8D9 /* ViewModels */,
				43508E9D29A0DDA000B8D8D9 /* ControlLightViewController.swift */,
			);
			path = Light;
			sourceTree = "<group>";
		};
		43508EB129A13C5400B8D8D9 /* Heater */ = {
			isa = PBXGroup;
			children = (
				43508EB529A184AF00B8D8D9 /* ViewModels */,
				43508EB329A13C7000B8D8D9 /* ControlHeaterViewController.swift */,
			);
			path = Heater;
			sourceTree = "<group>";
		};
		43508EB229A13C5900B8D8D9 /* RollerShutter */ = {
			isa = PBXGroup;
			children = (
				43508EBB29A188C400B8D8D9 /* ViewModels */,
				43508EA829A1324700B8D8D9 /* ControlRollerShutterViewController.swift */,
			);
			path = RollerShutter;
			sourceTree = "<group>";
		};
		43508EB529A184AF00B8D8D9 /* ViewModels */ = {
			isa = PBXGroup;
			children = (
				43508EB629A184BF00B8D8D9 /* ControlHeaterViewModel.swift */,
			);
			path = ViewModels;
			sourceTree = "<group>";
		};
		43508EB829A1871700B8D8D9 /* ViewModels */ = {
			isa = PBXGroup;
			children = (
				43508EB929A1872E00B8D8D9 /* ControlLightViewModel.swift */,
			);
			path = ViewModels;
			sourceTree = "<group>";
		};
		43508EBB29A188C400B8D8D9 /* ViewModels */ = {
			isa = PBXGroup;
			children = (
				43508EBC29A1892200B8D8D9 /* ControlRollerShutterViewModel.swift */,
			);
			path = ViewModels;
			sourceTree = "<group>";
		};
		43EA19E5299B5F2A0062E0AF = {
			isa = PBXGroup;
			children = (
				43EA19F0299B5F2A0062E0AF /* MVVMTechnicalTest */,
				43EA1A07299B5F2A0062E0AF /* MVVMTechnicalTestTests */,
				43EA1A11299B5F2A0062E0AF /* MVVMTechnicalTestUITests */,
				43EA19EF299B5F2A0062E0AF /* Products */,
			);
			sourceTree = "<group>";
		};
		43EA19EF299B5F2A0062E0AF /* Products */ = {
			isa = PBXGroup;
			children = (
				43EA19EE299B5F2A0062E0AF /* MVVMTechnicalTest.app */,
				43EA1A04299B5F2A0062E0AF /* MVVMTechnicalTestTests.xctest */,
				43EA1A0E299B5F2A0062E0AF /* MVVMTechnicalTestUITests.xctest */,
			);
			name = Products;
			sourceTree = "<group>";
		};
		43EA19F0299B5F2A0062E0AF /* MVVMTechnicalTest */ = {
			isa = PBXGroup;
			children = (
				4336325A299E743300173329 /* Shared */,
				43EA1A21299B63700062E0AF /* Resources */,
				4336325B299E74B600173329 /* App */,
				43EA19F1299B5F2A0062E0AF /* AppDelegate.swift */,
				43EA19F3299B5F2A0062E0AF /* SceneDelegate.swift */,
				43EA19FC299B5F2A0062E0AF /* LaunchScreen.storyboard */,
				43EA19FF299B5F2A0062E0AF /* Info.plist */,
			);
			path = MVVMTechnicalTest;
			sourceTree = "<group>";
		};
		43EA1A07299B5F2A0062E0AF /* MVVMTechnicalTestTests */ = {
			isa = PBXGroup;
			children = (
				43EA1A08299B5F2A0062E0AF /* MVVMTechnicalTestTests.swift */,
			);
			path = MVVMTechnicalTestTests;
			sourceTree = "<group>";
		};
		43EA1A11299B5F2A0062E0AF /* MVVMTechnicalTestUITests */ = {
			isa = PBXGroup;
			children = (
				43EA1A12299B5F2A0062E0AF /* MVVMTechnicalTestUITests.swift */,
				43EA1A14299B5F2A0062E0AF /* MVVMTechnicalTestUITestsLaunchTests.swift */,
			);
			path = MVVMTechnicalTestUITests;
			sourceTree = "<group>";
		};
		43EA1A21299B63700062E0AF /* Resources */ = {
			isa = PBXGroup;
			children = (
				43EA1A25299B65730062E0AF /* swiftgen.yml */,
				43EA19FA299B5F2A0062E0AF /* Assets.xcassets */,
				43EA1A28299B659E0062E0AF /* Localizable */,
				43EA1A27299B65950062E0AF /* Generated */,
			);
			path = Resources;
			sourceTree = "<group>";
		};
		43EA1A27299B65950062E0AF /* Generated */ = {
			isa = PBXGroup;
			children = (
				43EA1A30299B68F40062E0AF /* Strings+Generated.swift */,
				43EA1A2F299B68F40062E0AF /* XCAssets+Generated.swift */,
			);
			path = Generated;
			sourceTree = "<group>";
		};
		43EA1A28299B659E0062E0AF /* Localizable */ = {
			isa = PBXGroup;
			children = (
				43EA1A2D299B65AD0062E0AF /* Localizable.strings */,
			);
			path = Localizable;
			sourceTree = "<group>";
		};
		43EA1A33299B6AD40062E0AF /* Networking */ = {
			isa = PBXGroup;
			children = (
				43EA1A34299B6ADD0062E0AF /* Endpoints.swift */,
				43EA1A36299B6B360062E0AF /* Reachability.swift */,
				43EA1A38299B6B570062E0AF /* URLSession+Service.swift */,
			);
			path = Networking;
			sourceTree = "<group>";
		};
		43EA1A3A299B6BDA0062E0AF /* Services */ = {
			isa = PBXGroup;
			children = (
				43363277299E92C200173329 /* DeviceService.swift */,
			);
			path = Services;
			sourceTree = "<group>";
		};
/* End PBXGroup section */

/* Begin PBXNativeTarget section */
		43EA19ED299B5F2A0062E0AF /* MVVMTechnicalTest */ = {
			isa = PBXNativeTarget;
			buildConfigurationList = 43EA1A18299B5F2A0062E0AF /* Build configuration list for PBXNativeTarget "MVVMTechnicalTest" */;
			buildPhases = (
				43EA1A23299B64F00062E0AF /* SwiftLint */,
				43EA19EA299B5F2A0062E0AF /* Sources */,
				43EA19EB299B5F2A0062E0AF /* Frameworks */,
				43EA19EC299B5F2A0062E0AF /* Resources */,
			);
			buildRules = (
			);
			dependencies = (
			);
			name = MVVMTechnicalTest;
			productName = MVVMTechnicalTest;
			productReference = 43EA19EE299B5F2A0062E0AF /* MVVMTechnicalTest.app */;
			productType = "com.apple.product-type.application";
		};
		43EA1A03299B5F2A0062E0AF /* MVVMTechnicalTestTests */ = {
			isa = PBXNativeTarget;
			buildConfigurationList = 43EA1A1B299B5F2A0062E0AF /* Build configuration list for PBXNativeTarget "MVVMTechnicalTestTests" */;
			buildPhases = (
				43EA1A00299B5F2A0062E0AF /* Sources */,
				43EA1A01299B5F2A0062E0AF /* Frameworks */,
				43EA1A02299B5F2A0062E0AF /* Resources */,
			);
			buildRules = (
			);
			dependencies = (
				43EA1A06299B5F2A0062E0AF /* PBXTargetDependency */,
			);
			name = MVVMTechnicalTestTests;
			productName = MVVMTechnicalTestTests;
			productReference = 43EA1A04299B5F2A0062E0AF /* MVVMTechnicalTestTests.xctest */;
			productType = "com.apple.product-type.bundle.unit-test";
		};
		43EA1A0D299B5F2A0062E0AF /* MVVMTechnicalTestUITests */ = {
			isa = PBXNativeTarget;
			buildConfigurationList = 43EA1A1E299B5F2A0062E0AF /* Build configuration list for PBXNativeTarget "MVVMTechnicalTestUITests" */;
			buildPhases = (
				43EA1A0A299B5F2A0062E0AF /* Sources */,
				43EA1A0B299B5F2A0062E0AF /* Frameworks */,
				43EA1A0C299B5F2A0062E0AF /* Resources */,
			);
			buildRules = (
			);
			dependencies = (
				43EA1A10299B5F2A0062E0AF /* PBXTargetDependency */,
			);
			name = MVVMTechnicalTestUITests;
			productName = MVVMTechnicalTestUITests;
			productReference = 43EA1A0E299B5F2A0062E0AF /* MVVMTechnicalTestUITests.xctest */;
			productType = "com.apple.product-type.bundle.ui-testing";
		};
/* End PBXNativeTarget section */

/* Begin PBXProject section */
		43EA19E6299B5F2A0062E0AF /* Project object */ = {
			isa = PBXProject;
			attributes = {
				BuildIndependentTargetsInParallel = 1;
				LastSwiftUpdateCheck = 1420;
				LastUpgradeCheck = 1420;
				TargetAttributes = {
					43EA19ED299B5F2A0062E0AF = {
						CreatedOnToolsVersion = 14.2;
					};
					43EA1A03299B5F2A0062E0AF = {
						CreatedOnToolsVersion = 14.2;
						TestTargetID = 43EA19ED299B5F2A0062E0AF;
					};
					43EA1A0D299B5F2A0062E0AF = {
						CreatedOnToolsVersion = 14.2;
						TestTargetID = 43EA19ED299B5F2A0062E0AF;
					};
				};
			};
			buildConfigurationList = 43EA19E9299B5F2A0062E0AF /* Build configuration list for PBXProject "MVVMTechnicalTest" */;
			compatibilityVersion = "Xcode 14.0";
			developmentRegion = en;
			hasScannedForEncodings = 0;
			knownRegions = (
				en,
				Base,
				fr,
			);
			mainGroup = 43EA19E5299B5F2A0062E0AF;
			productRefGroup = 43EA19EF299B5F2A0062E0AF /* Products */;
			projectDirPath = "";
			projectRoot = "";
			targets = (
				43EA19ED299B5F2A0062E0AF /* MVVMTechnicalTest */,
				43EA1A03299B5F2A0062E0AF /* MVVMTechnicalTestTests */,
				43EA1A0D299B5F2A0062E0AF /* MVVMTechnicalTestUITests */,
			);
		};
/* End PBXProject section */

/* Begin PBXResourcesBuildPhase section */
		43EA19EC299B5F2A0062E0AF /* Resources */ = {
			isa = PBXResourcesBuildPhase;
			buildActionMask = 2147483647;
			files = (
				43EA1A2B299B65AD0062E0AF /* Localizable.strings in Resources */,
				43EA19FE299B5F2A0062E0AF /* LaunchScreen.storyboard in Resources */,
				43EA19FB299B5F2A0062E0AF /* Assets.xcassets in Resources */,
				43EA1A26299B65730062E0AF /* swiftgen.yml in Resources */,
			);
			runOnlyForDeploymentPostprocessing = 0;
		};
		43EA1A02299B5F2A0062E0AF /* Resources */ = {
			isa = PBXResourcesBuildPhase;
			buildActionMask = 2147483647;
			files = (
			);
			runOnlyForDeploymentPostprocessing = 0;
		};
		43EA1A0C299B5F2A0062E0AF /* Resources */ = {
			isa = PBXResourcesBuildPhase;
			buildActionMask = 2147483647;
			files = (
			);
			runOnlyForDeploymentPostprocessing = 0;
		};
/* End PBXResourcesBuildPhase section */

/* Begin PBXShellScriptBuildPhase section */
		43EA1A23299B64F00062E0AF /* SwiftLint */ = {
			isa = PBXShellScriptBuildPhase;
			alwaysOutOfDate = 1;
			buildActionMask = 2147483647;
			files = (
			);
			inputFileListPaths = (
			);
			inputPaths = (
			);
			name = SwiftLint;
			outputFileListPaths = (
			);
			outputPaths = (
			);
			runOnlyForDeploymentPostprocessing = 0;
			shellPath = /bin/sh;
			shellScript = "# Type a script or drag a script file from your workspace to insert its path.\nexport PATH=\"$PATH:/opt/homebrew/bin\"\nif which swiftlint > /dev/null; then\n  swiftlint\nelse\n  echo \"warning: SwiftLint not installed, download from https://github.com/realm/SwiftLint\"\nfi\n";
		};
/* End PBXShellScriptBuildPhase section */

/* Begin PBXSourcesBuildPhase section */
		43EA19EA299B5F2A0062E0AF /* Sources */ = {
			isa = PBXSourcesBuildPhase;
			buildActionMask = 2147483647;
			files = (
				43363256299E418300173329 /* Heater.swift in Sources */,
				43508EA529A1032200B8D8D9 /* UImage+Resize.swift in Sources */,
				43508EBD29A1892200B8D8D9 /* ControlRollerShutterViewModel.swift in Sources */,
				4336326E299E80D600173329 /* WindowRouter.swift in Sources */,
				43EA1A37299B6B360062E0AF /* Reachability.swift in Sources */,
				43363254299E405200173329 /* RollerShutter.swift in Sources */,
				43363270299E80E300173329 /* AppWindowRouter.swift in Sources */,
				43363274299E813E00173329 /* HomeCoordinator.swift in Sources */,
				43363262299E79CB00173329 /* HomeViewModel.swift in Sources */,
				43363266299E806D00173329 /* NavigationRouter.swift in Sources */,
				43363272299E810500173329 /* NavigationControllerRouter.swift in Sources */,
				43508E9E29A0DDA000B8D8D9 /* ControlLightViewController.swift in Sources */,
				43EA1A32299B68F40062E0AF /* Strings+Generated.swift in Sources */,
				4336325D299E771400173329 /* HomeViewController.swift in Sources */,
				4336324F299E3DD600173329 /* Device.swift in Sources */,
				43EA19F2299B5F2A0062E0AF /* AppDelegate.swift in Sources */,
				43363264299E805B00173329 /* Coordinator.swift in Sources */,
				43363276299E8B2C00173329 /* DeviceListData.swift in Sources */,
				4336326B299E809D00173329 /* AppCoordinator.swift in Sources */,
				43363259299E462000173329 /* UIView+AutoLayout.swift in Sources */,
				43EA19F4299B5F2A0062E0AF /* SceneDelegate.swift in Sources */,
				43363278299E92C200173329 /* DeviceService.swift in Sources */,
				43363252299E3EEE00173329 /* Light.swift in Sources */,
				43508EA329A0DF3F00B8D8D9 /* ControlViewModel.swift in Sources */,
				43363269299E808C00173329 /* Presentable.swift in Sources */,
				43508EB429A13C7000B8D8D9 /* ControlHeaterViewController.swift in Sources */,
				43EA1A35299B6ADD0062E0AF /* Endpoints.swift in Sources */,
				43508EBA29A1872E00B8D8D9 /* ControlLightViewModel.swift in Sources */,
				43EA1A39299B6B570062E0AF /* URLSession+Service.swift in Sources */,
				43508EA929A1324700B8D8D9 /* ControlRollerShutterViewController.swift in Sources */,
				43EA1A31299B68F40062E0AF /* XCAssets+Generated.swift in Sources */,
				43508EB729A184BF00B8D8D9 /* ControlHeaterViewModel.swift in Sources */,
			);
			runOnlyForDeploymentPostprocessing = 0;
		};
		43EA1A00299B5F2A0062E0AF /* Sources */ = {
			isa = PBXSourcesBuildPhase;
			buildActionMask = 2147483647;
			files = (
				43EA1A09299B5F2A0062E0AF /* MVVMTechnicalTestTests.swift in Sources */,
			);
			runOnlyForDeploymentPostprocessing = 0;
		};
		43EA1A0A299B5F2A0062E0AF /* Sources */ = {
			isa = PBXSourcesBuildPhase;
			buildActionMask = 2147483647;
			files = (
				43EA1A15299B5F2A0062E0AF /* MVVMTechnicalTestUITestsLaunchTests.swift in Sources */,
				43EA1A13299B5F2A0062E0AF /* MVVMTechnicalTestUITests.swift in Sources */,
			);
			runOnlyForDeploymentPostprocessing = 0;
		};
/* End PBXSourcesBuildPhase section */

/* Begin PBXTargetDependency section */
		43EA1A06299B5F2A0062E0AF /* PBXTargetDependency */ = {
			isa = PBXTargetDependency;
			target = 43EA19ED299B5F2A0062E0AF /* MVVMTechnicalTest */;
			targetProxy = 43EA1A05299B5F2A0062E0AF /* PBXContainerItemProxy */;
		};
		43EA1A10299B5F2A0062E0AF /* PBXTargetDependency */ = {
			isa = PBXTargetDependency;
			target = 43EA19ED299B5F2A0062E0AF /* MVVMTechnicalTest */;
			targetProxy = 43EA1A0F299B5F2A0062E0AF /* PBXContainerItemProxy */;
		};
/* End PBXTargetDependency section */

/* Begin PBXVariantGroup section */
		43EA19FC299B5F2A0062E0AF /* LaunchScreen.storyboard */ = {
			isa = PBXVariantGroup;
			children = (
				43EA19FD299B5F2A0062E0AF /* Base */,
			);
			name = LaunchScreen.storyboard;
			sourceTree = "<group>";
		};
		43EA1A2D299B65AD0062E0AF /* Localizable.strings */ = {
			isa = PBXVariantGroup;
			children = (
				43EA1A2C299B65AD0062E0AF /* en */,
				43EA1A2E299B67AC0062E0AF /* fr */,
			);
			name = Localizable.strings;
			sourceTree = "<group>";
		};
/* End PBXVariantGroup section */

/* Begin XCBuildConfiguration section */
		43EA1A16299B5F2A0062E0AF /* Debug */ = {
			isa = XCBuildConfiguration;
			buildSettings = {
				ALWAYS_SEARCH_USER_PATHS = NO;
				CLANG_ANALYZER_LOCALIZABILITY_NONLOCALIZED = YES;
				CLANG_ANALYZER_NONNULL = YES;
				CLANG_ANALYZER_NUMBER_OBJECT_CONVERSION = YES_AGGRESSIVE;
				CLANG_CXX_LANGUAGE_STANDARD = "gnu++20";
				CLANG_ENABLE_MODULES = YES;
				CLANG_ENABLE_OBJC_ARC = YES;
				CLANG_ENABLE_OBJC_WEAK = YES;
				CLANG_WARN_BLOCK_CAPTURE_AUTORELEASING = YES;
				CLANG_WARN_BOOL_CONVERSION = YES;
				CLANG_WARN_COMMA = YES;
				CLANG_WARN_CONSTANT_CONVERSION = YES;
				CLANG_WARN_DEPRECATED_OBJC_IMPLEMENTATIONS = YES;
				CLANG_WARN_DIRECT_OBJC_ISA_USAGE = YES_ERROR;
				CLANG_WARN_DOCUMENTATION_COMMENTS = YES;
				CLANG_WARN_EMPTY_BODY = YES;
				CLANG_WARN_ENUM_CONVERSION = YES;
				CLANG_WARN_INFINITE_RECURSION = YES;
				CLANG_WARN_INT_CONVERSION = YES;
				CLANG_WARN_NON_LITERAL_NULL_CONVERSION = YES;
				CLANG_WARN_OBJC_IMPLICIT_RETAIN_SELF = YES;
				CLANG_WARN_OBJC_LITERAL_CONVERSION = YES;
				CLANG_WARN_OBJC_ROOT_CLASS = YES_ERROR;
				CLANG_WARN_QUOTED_INCLUDE_IN_FRAMEWORK_HEADER = YES;
				CLANG_WARN_RANGE_LOOP_ANALYSIS = YES;
				CLANG_WARN_STRICT_PROTOTYPES = YES;
				CLANG_WARN_SUSPICIOUS_MOVE = YES;
				CLANG_WARN_UNGUARDED_AVAILABILITY = YES_AGGRESSIVE;
				CLANG_WARN_UNREACHABLE_CODE = YES;
				CLANG_WARN__DUPLICATE_METHOD_MATCH = YES;
				COPY_PHASE_STRIP = NO;
				DEBUG_INFORMATION_FORMAT = dwarf;
				ENABLE_STRICT_OBJC_MSGSEND = YES;
				ENABLE_TESTABILITY = YES;
				GCC_C_LANGUAGE_STANDARD = gnu11;
				GCC_DYNAMIC_NO_PIC = NO;
				GCC_NO_COMMON_BLOCKS = YES;
				GCC_OPTIMIZATION_LEVEL = 0;
				GCC_PREPROCESSOR_DEFINITIONS = (
					"DEBUG=1",
					"$(inherited)",
				);
				GCC_WARN_64_TO_32_BIT_CONVERSION = YES;
				GCC_WARN_ABOUT_RETURN_TYPE = YES_ERROR;
				GCC_WARN_UNDECLARED_SELECTOR = YES;
				GCC_WARN_UNINITIALIZED_AUTOS = YES_AGGRESSIVE;
				GCC_WARN_UNUSED_FUNCTION = YES;
				GCC_WARN_UNUSED_VARIABLE = YES;
				IPHONEOS_DEPLOYMENT_TARGET = 14.0;
				MTL_ENABLE_DEBUG_INFO = INCLUDE_SOURCE;
				MTL_FAST_MATH = YES;
				ONLY_ACTIVE_ARCH = YES;
				SDKROOT = iphoneos;
				SWIFT_ACTIVE_COMPILATION_CONDITIONS = DEBUG;
				SWIFT_OPTIMIZATION_LEVEL = "-Onone";
			};
			name = Debug;
		};
		43EA1A17299B5F2A0062E0AF /* Release */ = {
			isa = XCBuildConfiguration;
			buildSettings = {
				ALWAYS_SEARCH_USER_PATHS = NO;
				CLANG_ANALYZER_LOCALIZABILITY_NONLOCALIZED = YES;
				CLANG_ANALYZER_NONNULL = YES;
				CLANG_ANALYZER_NUMBER_OBJECT_CONVERSION = YES_AGGRESSIVE;
				CLANG_CXX_LANGUAGE_STANDARD = "gnu++20";
				CLANG_ENABLE_MODULES = YES;
				CLANG_ENABLE_OBJC_ARC = YES;
				CLANG_ENABLE_OBJC_WEAK = YES;
				CLANG_WARN_BLOCK_CAPTURE_AUTORELEASING = YES;
				CLANG_WARN_BOOL_CONVERSION = YES;
				CLANG_WARN_COMMA = YES;
				CLANG_WARN_CONSTANT_CONVERSION = YES;
				CLANG_WARN_DEPRECATED_OBJC_IMPLEMENTATIONS = YES;
				CLANG_WARN_DIRECT_OBJC_ISA_USAGE = YES_ERROR;
				CLANG_WARN_DOCUMENTATION_COMMENTS = YES;
				CLANG_WARN_EMPTY_BODY = YES;
				CLANG_WARN_ENUM_CONVERSION = YES;
				CLANG_WARN_INFINITE_RECURSION = YES;
				CLANG_WARN_INT_CONVERSION = YES;
				CLANG_WARN_NON_LITERAL_NULL_CONVERSION = YES;
				CLANG_WARN_OBJC_IMPLICIT_RETAIN_SELF = YES;
				CLANG_WARN_OBJC_LITERAL_CONVERSION = YES;
				CLANG_WARN_OBJC_ROOT_CLASS = YES_ERROR;
				CLANG_WARN_QUOTED_INCLUDE_IN_FRAMEWORK_HEADER = YES;
				CLANG_WARN_RANGE_LOOP_ANALYSIS = YES;
				CLANG_WARN_STRICT_PROTOTYPES = YES;
				CLANG_WARN_SUSPICIOUS_MOVE = YES;
				CLANG_WARN_UNGUARDED_AVAILABILITY = YES_AGGRESSIVE;
				CLANG_WARN_UNREACHABLE_CODE = YES;
				CLANG_WARN__DUPLICATE_METHOD_MATCH = YES;
				COPY_PHASE_STRIP = NO;
				DEBUG_INFORMATION_FORMAT = "dwarf-with-dsym";
				ENABLE_NS_ASSERTIONS = NO;
				ENABLE_STRICT_OBJC_MSGSEND = YES;
				GCC_C_LANGUAGE_STANDARD = gnu11;
				GCC_NO_COMMON_BLOCKS = YES;
				GCC_WARN_64_TO_32_BIT_CONVERSION = YES;
				GCC_WARN_ABOUT_RETURN_TYPE = YES_ERROR;
				GCC_WARN_UNDECLARED_SELECTOR = YES;
				GCC_WARN_UNINITIALIZED_AUTOS = YES_AGGRESSIVE;
				GCC_WARN_UNUSED_FUNCTION = YES;
				GCC_WARN_UNUSED_VARIABLE = YES;
				IPHONEOS_DEPLOYMENT_TARGET = 14.0;
				MTL_ENABLE_DEBUG_INFO = NO;
				MTL_FAST_MATH = YES;
				SDKROOT = iphoneos;
				SWIFT_COMPILATION_MODE = wholemodule;
				SWIFT_OPTIMIZATION_LEVEL = "-O";
				VALIDATE_PRODUCT = YES;
			};
			name = Release;
		};
		43EA1A19299B5F2A0062E0AF /* Debug */ = {
			isa = XCBuildConfiguration;
			buildSettings = {
				ASSETCATALOG_COMPILER_APPICON_NAME = AppIcon;
				CODE_SIGN_STYLE = Automatic;
				CURRENT_PROJECT_VERSION = 1;
				DEVELOPMENT_TEAM = NRKB5KQT35;
				GENERATE_INFOPLIST_FILE = YES;
				INFOPLIST_FILE = MVVMTechnicalTest/Info.plist;
				INFOPLIST_KEY_UIApplicationSupportsIndirectInputEvents = YES;
				INFOPLIST_KEY_UILaunchStoryboardName = LaunchScreen.storyboard;
				INFOPLIST_KEY_UISupportedInterfaceOrientations_iPad = "UIInterfaceOrientationPortrait UIInterfaceOrientationPortraitUpsideDown UIInterfaceOrientationLandscapeLeft UIInterfaceOrientationLandscapeRight";
				INFOPLIST_KEY_UISupportedInterfaceOrientations_iPhone = "UIInterfaceOrientationPortrait UIInterfaceOrientationLandscapeLeft UIInterfaceOrientationLandscapeRight";
				IPHONEOS_DEPLOYMENT_TARGET = 14.0;
				LD_RUNPATH_SEARCH_PATHS = (
					"$(inherited)",
					"@executable_path/Frameworks",
				);
				MARKETING_VERSION = 1.0;
				PRODUCT_BUNDLE_IDENTIFIER = valentinmille.MVVMTechnicalTest;
				PRODUCT_NAME = "$(TARGET_NAME)";
				SUPPORTED_PLATFORMS = "iphoneos iphonesimulator";
				SUPPORTS_MACCATALYST = NO;
				SUPPORTS_MAC_DESIGNED_FOR_IPHONE_IPAD = NO;
				SWIFT_EMIT_LOC_STRINGS = YES;
				SWIFT_VERSION = 5.0;
				TARGETED_DEVICE_FAMILY = 1;
			};
			name = Debug;
		};
		43EA1A1A299B5F2A0062E0AF /* Release */ = {
			isa = XCBuildConfiguration;
			buildSettings = {
				ASSETCATALOG_COMPILER_APPICON_NAME = AppIcon;
				CODE_SIGN_STYLE = Automatic;
				CURRENT_PROJECT_VERSION = 1;
				DEVELOPMENT_TEAM = NRKB5KQT35;
				GENERATE_INFOPLIST_FILE = YES;
				INFOPLIST_FILE = MVVMTechnicalTest/Info.plist;
				INFOPLIST_KEY_UIApplicationSupportsIndirectInputEvents = YES;
				INFOPLIST_KEY_UILaunchStoryboardName = LaunchScreen.storyboard;
				INFOPLIST_KEY_UISupportedInterfaceOrientations_iPad = "UIInterfaceOrientationPortrait UIInterfaceOrientationPortraitUpsideDown UIInterfaceOrientationLandscapeLeft UIInterfaceOrientationLandscapeRight";
				INFOPLIST_KEY_UISupportedInterfaceOrientations_iPhone = "UIInterfaceOrientationPortrait UIInterfaceOrientationLandscapeLeft UIInterfaceOrientationLandscapeRight";
				IPHONEOS_DEPLOYMENT_TARGET = 14.0;
				LD_RUNPATH_SEARCH_PATHS = (
					"$(inherited)",
					"@executable_path/Frameworks",
				);
				MARKETING_VERSION = 1.0;
				PRODUCT_BUNDLE_IDENTIFIER = valentinmille.MVVMTechnicalTest;
				PRODUCT_NAME = "$(TARGET_NAME)";
				SUPPORTED_PLATFORMS = "iphoneos iphonesimulator";
				SUPPORTS_MACCATALYST = NO;
				SUPPORTS_MAC_DESIGNED_FOR_IPHONE_IPAD = NO;
				SWIFT_EMIT_LOC_STRINGS = YES;
				SWIFT_VERSION = 5.0;
				TARGETED_DEVICE_FAMILY = 1;
			};
			name = Release;
		};
		43EA1A1C299B5F2A0062E0AF /* Debug */ = {
			isa = XCBuildConfiguration;
			buildSettings = {
				ALWAYS_EMBED_SWIFT_STANDARD_LIBRARIES = YES;
				BUNDLE_LOADER = "$(TEST_HOST)";
				CODE_SIGN_STYLE = Automatic;
				CURRENT_PROJECT_VERSION = 1;
				DEVELOPMENT_TEAM = NRKB5KQT35;
				GENERATE_INFOPLIST_FILE = YES;
				IPHONEOS_DEPLOYMENT_TARGET = 14.0;
				MARKETING_VERSION = 1.0;
				PRODUCT_BUNDLE_IDENTIFIER = valentinmille.MVVMTechnicalTestTests;
				PRODUCT_NAME = "$(TARGET_NAME)";
				SUPPORTED_PLATFORMS = "iphoneos iphonesimulator";
				SUPPORTS_MACCATALYST = NO;
				SUPPORTS_MAC_DESIGNED_FOR_IPHONE_IPAD = NO;
				SWIFT_EMIT_LOC_STRINGS = NO;
				SWIFT_VERSION = 5.0;
				TARGETED_DEVICE_FAMILY = 1;
				TEST_HOST = "$(BUILT_PRODUCTS_DIR)/MVVMTechnicalTest.app/$(BUNDLE_EXECUTABLE_FOLDER_PATH)/MVVMTechnicalTest";
			};
			name = Debug;
		};
		43EA1A1D299B5F2A0062E0AF /* Release */ = {
			isa = XCBuildConfiguration;
			buildSettings = {
				ALWAYS_EMBED_SWIFT_STANDARD_LIBRARIES = YES;
				BUNDLE_LOADER = "$(TEST_HOST)";
				CODE_SIGN_STYLE = Automatic;
				CURRENT_PROJECT_VERSION = 1;
				DEVELOPMENT_TEAM = NRKB5KQT35;
				GENERATE_INFOPLIST_FILE = YES;
				IPHONEOS_DEPLOYMENT_TARGET = 14.0;
				MARKETING_VERSION = 1.0;
				PRODUCT_BUNDLE_IDENTIFIER = valentinmille.MVVMTechnicalTestTests;
				PRODUCT_NAME = "$(TARGET_NAME)";
				SUPPORTED_PLATFORMS = "iphoneos iphonesimulator";
				SUPPORTS_MACCATALYST = NO;
				SUPPORTS_MAC_DESIGNED_FOR_IPHONE_IPAD = NO;
				SWIFT_EMIT_LOC_STRINGS = NO;
				SWIFT_VERSION = 5.0;
				TARGETED_DEVICE_FAMILY = 1;
				TEST_HOST = "$(BUILT_PRODUCTS_DIR)/MVVMTechnicalTest.app/$(BUNDLE_EXECUTABLE_FOLDER_PATH)/MVVMTechnicalTest";
			};
			name = Release;
		};
		43EA1A1F299B5F2A0062E0AF /* Debug */ = {
			isa = XCBuildConfiguration;
			buildSettings = {
				ALWAYS_EMBED_SWIFT_STANDARD_LIBRARIES = YES;
				CODE_SIGN_STYLE = Automatic;
				CURRENT_PROJECT_VERSION = 1;
				DEVELOPMENT_TEAM = NRKB5KQT35;
				GENERATE_INFOPLIST_FILE = YES;
				MARKETING_VERSION = 1.0;
				PRODUCT_BUNDLE_IDENTIFIER = valentinmille.MVVMTechnicalTestUITests;
				PRODUCT_NAME = "$(TARGET_NAME)";
				SUPPORTED_PLATFORMS = "iphoneos iphonesimulator";
				SUPPORTS_MACCATALYST = NO;
				SUPPORTS_MAC_DESIGNED_FOR_IPHONE_IPAD = NO;
				SWIFT_EMIT_LOC_STRINGS = NO;
				SWIFT_VERSION = 5.0;
				TARGETED_DEVICE_FAMILY = 1;
				TEST_TARGET_NAME = MVVMTechnicalTest;
			};
			name = Debug;
		};
		43EA1A20299B5F2A0062E0AF /* Release */ = {
			isa = XCBuildConfiguration;
			buildSettings = {
				ALWAYS_EMBED_SWIFT_STANDARD_LIBRARIES = YES;
				CODE_SIGN_STYLE = Automatic;
				CURRENT_PROJECT_VERSION = 1;
				DEVELOPMENT_TEAM = NRKB5KQT35;
				GENERATE_INFOPLIST_FILE = YES;
				MARKETING_VERSION = 1.0;
				PRODUCT_BUNDLE_IDENTIFIER = valentinmille.MVVMTechnicalTestUITests;
				PRODUCT_NAME = "$(TARGET_NAME)";
				SUPPORTED_PLATFORMS = "iphoneos iphonesimulator";
				SUPPORTS_MACCATALYST = NO;
				SUPPORTS_MAC_DESIGNED_FOR_IPHONE_IPAD = NO;
				SWIFT_EMIT_LOC_STRINGS = NO;
				SWIFT_VERSION = 5.0;
				TARGETED_DEVICE_FAMILY = 1;
				TEST_TARGET_NAME = MVVMTechnicalTest;
			};
			name = Release;
		};
/* End XCBuildConfiguration section */

/* Begin XCConfigurationList section */
		43EA19E9299B5F2A0062E0AF /* Build configuration list for PBXProject "MVVMTechnicalTest" */ = {
			isa = XCConfigurationList;
			buildConfigurations = (
				43EA1A16299B5F2A0062E0AF /* Debug */,
				43EA1A17299B5F2A0062E0AF /* Release */,
			);
			defaultConfigurationIsVisible = 0;
			defaultConfigurationName = Release;
		};
		43EA1A18299B5F2A0062E0AF /* Build configuration list for PBXNativeTarget "MVVMTechnicalTest" */ = {
			isa = XCConfigurationList;
			buildConfigurations = (
				43EA1A19299B5F2A0062E0AF /* Debug */,
				43EA1A1A299B5F2A0062E0AF /* Release */,
			);
			defaultConfigurationIsVisible = 0;
			defaultConfigurationName = Release;
		};
		43EA1A1B299B5F2A0062E0AF /* Build configuration list for PBXNativeTarget "MVVMTechnicalTestTests" */ = {
			isa = XCConfigurationList;
			buildConfigurations = (
				43EA1A1C299B5F2A0062E0AF /* Debug */,
				43EA1A1D299B5F2A0062E0AF /* Release */,
			);
			defaultConfigurationIsVisible = 0;
			defaultConfigurationName = Release;
		};
		43EA1A1E299B5F2A0062E0AF /* Build configuration list for PBXNativeTarget "MVVMTechnicalTestUITests" */ = {
			isa = XCConfigurationList;
			buildConfigurations = (
				43EA1A1F299B5F2A0062E0AF /* Debug */,
				43EA1A20299B5F2A0062E0AF /* Release */,
			);
			defaultConfigurationIsVisible = 0;
			defaultConfigurationName = Release;
		};
/* End XCConfigurationList section */
	};
	rootObject = 43EA19E6299B5F2A0062E0AF /* Project object */;
}
